
Microsoft Visual Studio Solution File, Format Version 12.00
# Visual Studio 15
VisualStudioVersion = 15.0.28307.705
MinimumVisualStudioVersion = 10.0.40219.1
Project("{FAE04EC0-301F-11D3-BF4B-00C04F79EFBC}") = "SecondProblem", "SecondProblem\SecondProblem.csproj", "{8CC813CE-5EBE-417B-9B9C-925F4682C16C}"
EndProject
Global
	GlobalSection(SolutionConfigurationPlatforms) = preSolution
		Debug|Any CPU = Debug|Any CPU
		Release|Any CPU = Release|Any CPU
	EndGlobalSection
	GlobalSection(ProjectConfigurationPlatforms) = postSolution
		{8CC813CE-5EBE-417B-9B9C-925F4682C16C}.Debug|Any CPU.ActiveCfg = Debug|Any CPU
		{8CC813CE-5EBE-417B-9B9C-925F4682C16C}.Debug|Any CPU.Build.0 = Debug|Any CPU
		{8CC813CE-5EBE-417B-9B9C-925F4682C16C}.Release|Any CPU.ActiveCfg = Release|Any CPU
		{8CC813CE-5EBE-417B-9B9C-925F4682C16C}.Release|Any CPU.Build.0 = Release|Any CPU
	EndGlobalSection
	GlobalSection(SolutionProperties) = preSolution
		HideSolutionNode = FALSE
	EndGlobalSection
	GlobalSection(ExtensibilityGlobals) = postSolution
		SolutionGuid = {7BFF6518-1529-43B0-A72E-5E08336C2418}
	EndGlobalSection
EndGlobal
